// !$*UTF8*$!
{
	archiveVersion = 1;
	classes = {
	};
	objectVersion = 46;
	objects = {

/* Begin PBXBuildFile section */
		03FA8D631793367E00DEE56F /* Foundation.framework in Frameworks */ = {isa = PBXBuildFile; fileRef = 03FA8D621793367E00DEE56F /* Foundation.framework */; };
		03FA8D661793367E00DEE56F /* main.m in Sources */ = {isa = PBXBuildFile; fileRef = 03FA8D651793367E00DEE56F /* main.m */; };
		03FA8D6A1793367E00DEE56F /* BlockGlue.1 in CopyFiles */ = {isa = PBXBuildFile; fileRef = 03FA8D691793367E00DEE56F /* BlockGlue.1 */; };
		03FA8D72179336D300DEE56F /* BlockGlue.m in Sources */ = {isa = PBXBuildFile; fileRef = 03FA8D71179336D300DEE56F /* BlockGlue.m */; };
		03FA8D751793457C00DEE56F /* BlockSignature.m in Sources */ = {isa = PBXBuildFile; fileRef = 03FA8D741793457C00DEE56F /* BlockSignature.m */; };
		03FA8D781793461700DEE56F /* WoolObjCEncoding.m in Sources */ = {isa = PBXBuildFile; fileRef = 03FA8D771793461700DEE56F /* WoolObjCEncoding.m */; };
		03FA8D7B17953EF300DEE56F /* libffi.dylib in Frameworks */ = {isa = PBXBuildFile; fileRef = 03FA8D7A17953EF200DEE56F /* libffi.dylib */; };
/* End PBXBuildFile section */

/* Begin PBXCopyFilesBuildPhase section */
		03FA8D5D1793367E00DEE56F /* CopyFiles */ = {
			isa = PBXCopyFilesBuildPhase;
			buildActionMask = 2147483647;
			dstPath = /usr/share/man/man1/;
			dstSubfolderSpec = 0;
			files = (
				03FA8D6A1793367E00DEE56F /* BlockGlue.1 in CopyFiles */,
			);
			runOnlyForDeploymentPostprocessing = 1;
		};
/* End PBXCopyFilesBuildPhase section */

/* Begin PBXFileReference section */
		03FA8D5F1793367E00DEE56F /* BlockGlue */ = {isa = PBXFileReference; explicitFileType = "compiled.mach-o.executable"; includeInIndex = 0; path = BlockGlue; sourceTree = BUILT_PRODUCTS_DIR; };
		03FA8D621793367E00DEE56F /* Foundation.framework */ = {isa = PBXFileReference; lastKnownFileType = wrapper.framework; name = Foundation.framework; path = System/Library/Frameworks/Foundation.framework; sourceTree = SDKROOT; };
		03FA8D651793367E00DEE56F /* main.m */ = {isa = PBXFileReference; lastKnownFileType = sourcecode.c.objc; path = main.m; sourceTree = "<group>"; };
		03FA8D681793367E00DEE56F /* BlockGlue-Prefix.pch */ = {isa = PBXFileReference; lastKnownFileType = sourcecode.c.h; path = "BlockGlue-Prefix.pch"; sourceTree = "<group>"; };
		03FA8D691793367E00DEE56F /* BlockGlue.1 */ = {isa = PBXFileReference; lastKnownFileType = text.man; path = BlockGlue.1; sourceTree = "<group>"; };
		03FA8D70179336D300DEE56F /* BlockGlue.h */ = {isa = PBXFileReference; fileEncoding = 4; lastKnownFileType = sourcecode.c.h; path = BlockGlue.h; sourceTree = "<group>"; };
		03FA8D71179336D300DEE56F /* BlockGlue.m */ = {isa = PBXFileReference; fileEncoding = 4; lastKnownFileType = sourcecode.c.objc; path = BlockGlue.m; sourceTree = "<group>"; };
		03FA8D731793457C00DEE56F /* BlockSignature.h */ = {isa = PBXFileReference; fileEncoding = 4; lastKnownFileType = sourcecode.c.h; path = BlockSignature.h; sourceTree = "<group>"; };
		03FA8D741793457C00DEE56F /* BlockSignature.m */ = {isa = PBXFileReference; fileEncoding = 4; lastKnownFileType = sourcecode.c.objc; path = BlockSignature.m; sourceTree = "<group>"; };
		03FA8D761793461700DEE56F /* WoolObjCEncoding.h */ = {isa = PBXFileReference; fileEncoding = 4; lastKnownFileType = sourcecode.c.h; path = WoolObjCEncoding.h; sourceTree = "<group>"; };
		03FA8D771793461700DEE56F /* WoolObjCEncoding.m */ = {isa = PBXFileReference; fileEncoding = 4; lastKnownFileType = sourcecode.c.objc; path = WoolObjCEncoding.m; sourceTree = "<group>"; };
		03FA8D791793463200DEE56F /* WoolBlockHelper.h */ = {isa = PBXFileReference; lastKnownFileType = sourcecode.c.h; path = WoolBlockHelper.h; sourceTree = "<group>"; };
		03FA8D7A17953EF200DEE56F /* libffi.dylib */ = {isa = PBXFileReference; lastKnownFileType = "compiled.mach-o.dylib"; name = libffi.dylib; path = usr/lib/libffi.dylib; sourceTree = SDKROOT; };
/* End PBXFileReference section */

/* Begin PBXFrameworksBuildPhase section */
		03FA8D5C1793367E00DEE56F /* Frameworks */ = {
			isa = PBXFrameworksBuildPhase;
			buildActionMask = 2147483647;
			files = (
				03FA8D7B17953EF300DEE56F /* libffi.dylib in Frameworks */,
				03FA8D631793367E00DEE56F /* Foundation.framework in Frameworks */,
			);
			runOnlyForDeploymentPostprocessing = 0;
		};
/* End PBXFrameworksBuildPhase section */

/* Begin PBXGroup section */
		03FA8D561793367E00DEE56F = {
			isa = PBXGroup;
			children = (
				03FA8D641793367E00DEE56F /* BlockGlue */,
				03FA8D611793367E00DEE56F /* Frameworks */,
				03FA8D601793367E00DEE56F /* Products */,
			);
			sourceTree = "<group>";
		};
		03FA8D601793367E00DEE56F /* Products */ = {
			isa = PBXGroup;
			children = (
				03FA8D5F1793367E00DEE56F /* BlockGlue */,
			);
			name = Products;
			sourceTree = "<group>";
		};
		03FA8D611793367E00DEE56F /* Frameworks */ = {
			isa = PBXGroup;
			children = (
				03FA8D621793367E00DEE56F /* Foundation.framework */,
			);
			name = Frameworks;
			sourceTree = "<group>";
		};
		03FA8D641793367E00DEE56F /* BlockGlue */ = {
			isa = PBXGroup;
			children = (
				03FA8D791793463200DEE56F /* WoolBlockHelper.h */,
				03FA8D761793461700DEE56F /* WoolObjCEncoding.h */,
				03FA8D771793461700DEE56F /* WoolObjCEncoding.m */,
				03FA8D651793367E00DEE56F /* main.m */,
				03FA8D731793457C00DEE56F /* BlockSignature.h */,
				03FA8D741793457C00DEE56F /* BlockSignature.m */,
				03FA8D70179336D300DEE56F /* BlockGlue.h */,
				03FA8D71179336D300DEE56F /* BlockGlue.m */,
				03FA8D691793367E00DEE56F /* BlockGlue.1 */,
				03FA8D671793367E00DEE56F /* Supporting Files */,
				03FA8D7A17953EF200DEE56F /* libffi.dylib */,
			);
			path = BlockGlue;
			sourceTree = "<group>";
		};
		03FA8D671793367E00DEE56F /* Supporting Files */ = {
			isa = PBXGroup;
			children = (
				03FA8D681793367E00DEE56F /* BlockGlue-Prefix.pch */,
			);
			name = "Supporting Files";
			sourceTree = "<group>";
		};
/* End PBXGroup section */

/* Begin PBXNativeTarget section */
		03FA8D5E1793367E00DEE56F /* BlockGlue */ = {
			isa = PBXNativeTarget;
			buildConfigurationList = 03FA8D6D1793367E00DEE56F /* Build configuration list for PBXNativeTarget "BlockGlue" */;
			buildPhases = (
				03FA8D5B1793367E00DEE56F /* Sources */,
				03FA8D5C1793367E00DEE56F /* Frameworks */,
				03FA8D5D1793367E00DEE56F /* CopyFiles */,
			);
			buildRules = (
			);
			dependencies = (
			);
			name = BlockGlue;
			productName = BlockGlue;
			productReference = 03FA8D5F1793367E00DEE56F /* BlockGlue */;
			productType = "com.apple.product-type.tool";
		};
/* End PBXNativeTarget section */

/* Begin PBXProject section */
		03FA8D571793367E00DEE56F /* Project object */ = {
			isa = PBXProject;
			attributes = {
				LastUpgradeCheck = 0460;
				ORGANIZATIONNAME = "Josh Caswell";
			};
			buildConfigurationList = 03FA8D5A1793367E00DEE56F /* Build configuration list for PBXProject "BlockGlue" */;
			compatibilityVersion = "Xcode 3.2";
			developmentRegion = English;
			hasScannedForEncodings = 0;
			knownRegions = (
				en,
			);
			mainGroup = 03FA8D561793367E00DEE56F;
			productRefGroup = 03FA8D601793367E00DEE56F /* Products */;
			projectDirPath = "";
			projectRoot = "";
			targets = (
				03FA8D5E1793367E00DEE56F /* BlockGlue */,
			);
		};
/* End PBXProject section */

/* Begin PBXSourcesBuildPhase section */
		03FA8D5B1793367E00DEE56F /* Sources */ = {
			isa = PBXSourcesBuildPhase;
			buildActionMask = 2147483647;
			files = (
				03FA8D661793367E00DEE56F /* main.m in Sources */,
				03FA8D72179336D300DEE56F /* BlockGlue.m in Sources */,
				03FA8D751793457C00DEE56F /* BlockSignature.m in Sources */,
				03FA8D781793461700DEE56F /* WoolObjCEncoding.m in Sources */,
			);
			runOnlyForDeploymentPostprocessing = 0;
		};
/* End PBXSourcesBuildPhase section */

/* Begin XCBuildConfiguration section */
		03FA8D6B1793367E00DEE56F /* Debug */ = {
			isa = XCBuildConfiguration;
			buildSettings = {
				ALWAYS_SEARCH_USER_PATHS = NO;
				ARCHS = "$(ARCHS_STANDARD_64_BIT)";
				CLANG_CXX_LANGUAGE_STANDARD = "gnu++0x";
				CLANG_CXX_LIBRARY = "libc++";
				CLANG_ENABLE_OBJC_ARC = NO;
				CLANG_WARN_CONSTANT_CONVERSION = YES;
				CLANG_WARN_EMPTY_BODY = YES;
				CLANG_WARN_ENUM_CONVERSION = YES;
				CLANG_WARN_INT_CONVERSION = YES;
				CLANG_WARN__DUPLICATE_METHOD_MATCH = YES;
				COPY_PHASE_STRIP = NO;
				GCC_C_LANGUAGE_STANDARD = gnu99;
				GCC_DYNAMIC_NO_PIC = NO;
				GCC_ENABLE_OBJC_EXCEPTIONS = YES;
				GCC_OPTIMIZATION_LEVEL = 0;
				GCC_PREPROCESSOR_DEFINITIONS = (
					"DEBUG=1",
					"$(inherited)",
				);
				GCC_SYMBOLS_PRIVATE_EXTERN = NO;
				GCC_WARN_64_TO_32_BIT_CONVERSION = YES;
				GCC_WARN_ABOUT_RETURN_TYPE = YES;
				GCC_WARN_UNINITIALIZED_AUTOS = YES;
				GCC_WARN_UNUSED_VARIABLE = YES;
				MACOSX_DEPLOYMENT_TARGET = 10.7;
				ONLY_ACTIVE_ARCH = YES;
				SDKROOT = macosx;
			};
			name = Debug;
		};
		03FA8D6C1793367E00DEE56F /* Release */ = {
			isa = XCBuildConfiguration;
			buildSettings = {
				ALWAYS_SEARCH_USER_PATHS = NO;
				ARCHS = "$(ARCHS_STANDARD_64_BIT)";
				CLANG_CXX_LANGUAGE_STANDARD = "gnu++0x";
				CLANG_CXX_LIBRARY = "libc++";
				CLANG_ENABLE_OBJC_ARC = NO;
				CLANG_WARN_CONSTANT_CONVERSION = YES;
				CLANG_WARN_EMPTY_BODY = YES;
				CLANG_WARN_ENUM_CONVERSION = YES;
				CLANG_WARN_INT_CONVERSION = YES;
				CLANG_WARN__DUPLICATE_METHOD_MATCH = YES;
				COPY_PHASE_STRIP = YES;
				DEBUG_INFORMATION_FORMAT = "dwarf-with-dsym";
				GCC_C_LANGUAGE_STANDARD = gnu99;
				GCC_ENABLE_OBJC_EXCEPTIONS = YES;
				GCC_WARN_64_TO_32_BIT_CONVERSION = YES;
				GCC_WARN_ABOUT_RETURN_TYPE = YES;
				GCC_WARN_UNINITIALIZED_AUTOS = YES;
				GCC_WARN_UNUSED_VARIABLE = YES;
				MACOSX_DEPLOYMENT_TARGET = 10.7;
				SDKROOT = macosx;
			};
			name = Release;
		};
		03FA8D6E1793367E00DEE56F /* Debug */ = {
			isa = XCBuildConfiguration;
			buildSettings = {
				GCC_PRECOMPILE_PREFIX_HEADER = YES;
				GCC_PREFIX_HEADER = "BlockGlue/BlockGlue-Prefix.pch";
				PRODUCT_NAME = "$(TARGET_NAME)";
			};
			name = Debug;
		};
		03FA8D6F1793367E00DEE56F /* Release */ = {
			isa = XCBuildConfiguration;
			buildSettings = {
				GCC_PRECOMPILE_PREFIX_HEADER = YES;
				GCC_PREFIX_HEADER = "BlockGlue/BlockGlue-Prefix.pch";
				PRODUCT_NAME = "$(TARGET_NAME)";
			};
			name = Release;
		};
/* End XCBuildConfiguration section */

/* Begin XCConfigurationList section */
		03FA8D5A1793367E00DEE56F /* Build configuration list for PBXProject "BlockGlue" */ = {
			isa = XCConfigurationList;
			buildConfigurations = (
				03FA8D6B1793367E00DEE56F /* Debug */,
				03FA8D6C1793367E00DEE56F /* Release */,
			);
			defaultConfigurationIsVisible = 0;
			defaultConfigurationName = Release;
		};
		03FA8D6D1793367E00DEE56F /* Build configuration list for PBXNativeTarget "BlockGlue" */ = {
			isa = XCConfigurationList;
			buildConfigurations = (
				03FA8D6E1793367E00DEE56F /* Debug */,
				03FA8D6F1793367E00DEE56F /* Release */,
			);
			defaultConfigurationIsVisible = 0;
		};
/* End XCConfigurationList section */
	};
	rootObject = 03FA8D571793367E00DEE56F /* Project object */;
}
